
Microsoft Visual Studio Solution File, Format Version 12.00
# Visual Studio Version 16
VisualStudioVersion = 16.0.29911.84
MinimumVisualStudioVersion = 10.0.40219.1
Project("{FAE04EC0-301F-11D3-BF4B-00C04F79EFBC}") = "YazilimMimarisiFinal", "YazilimMimarisiFinal.csproj", "{F41BB049-EDFA-4A52-AAF6-4569E0E8B7E3}"
EndProject
Global
	GlobalSection(SolutionConfigurationPlatforms) = preSolution
		Debug|Any CPU = Debug|Any CPU
		Release|Any CPU = Release|Any CPU
	EndGlobalSection
	GlobalSection(ProjectConfigurationPlatforms) = postSolution
		{F41BB049-EDFA-4A52-AAF6-4569E0E8B7E3}.Debug|Any CPU.ActiveCfg = Debug|Any CPU
		{F41BB049-EDFA-4A52-AAF6-4569E0E8B7E3}.Debug|Any CPU.Build.0 = Debug|Any CPU
		{F41BB049-EDFA-4A52-AAF6-4569E0E8B7E3}.Release|Any CPU.ActiveCfg = Release|Any CPU
		{F41BB049-EDFA-4A52-AAF6-4569E0E8B7E3}.Release|Any CPU.Build.0 = Release|Any CPU
	EndGlobalSection
	GlobalSection(SolutionProperties) = preSolution
		HideSolutionNode = FALSE
	EndGlobalSection
	GlobalSection(ExtensibilityGlobals) = postSolution
		SolutionGuid = {94B70DE8-B4EF-4A06-8EBD-17F7A0AA84BD}
	EndGlobalSection
EndGlobal
